
Microsoft Visual Studio Solution File, Format Version 12.00
# Visual Studio Version 17
VisualStudioVersion = 17.11.35327.3
MinimumVisualStudioVersion = 10.0.40219.1
Project("{FAE04EC0-301F-11D3-BF4B-00C04F79EFBC}") = "CSharpEgitimKampi301.EntityLayer", "CSharpEgitimKampi301.EntityLayer\CSharpEgitimKampi301.EntityLayer.csproj", "{7F5F1725-DA21-4D65-A512-B300FF903A9D}"
EndProject
Project("{FAE04EC0-301F-11D3-BF4B-00C04F79EFBC}") = "CSharpEgitimKampi301.DataAccessLayer", "CSharpEgitimKampi301.DataAccessLayer\CSharpEgitimKampi301.DataAccessLayer.csproj", "{326AB241-F0CA-4293-AAE8-CE72C589B73B}"
EndProject
Project("{FAE04EC0-301F-11D3-BF4B-00C04F79EFBC}") = "CSharpEgitimKampi301.BusinessLayer", "CSharpEgitimKampi301.BusinessLayer\CSharpEgitimKampi301.BusinessLayer.csproj", "{C7969B45-8B05-4726-9B59-17214E06FA34}"
EndProject
Project("{FAE04EC0-301F-11D3-BF4B-00C04F79EFBC}") = "CSharpEgitimKampi301.PresentationLayer", "CSharpEgitimKampi301.PresentationLayer\CSharpEgitimKampi301.PresentationLayer.csproj", "{ACA532AD-E41A-4C0D-BDBB-F0BC088EC4DD}"
EndProject
Global
	GlobalSection(SolutionConfigurationPlatforms) = preSolution
		Debug|Any CPU = Debug|Any CPU
		Release|Any CPU = Release|Any CPU
	EndGlobalSection
	GlobalSection(ProjectConfigurationPlatforms) = postSolution
		{7F5F1725-DA21-4D65-A512-B300FF903A9D}.Debug|Any CPU.ActiveCfg = Debug|Any CPU
		{7F5F1725-DA21-4D65-A512-B300FF903A9D}.Debug|Any CPU.Build.0 = Debug|Any CPU
		{7F5F1725-DA21-4D65-A512-B300FF903A9D}.Release|Any CPU.ActiveCfg = Release|Any CPU
		{7F5F1725-DA21-4D65-A512-B300FF903A9D}.Release|Any CPU.Build.0 = Release|Any CPU
		{326AB241-F0CA-4293-AAE8-CE72C589B73B}.Debug|Any CPU.ActiveCfg = Debug|Any CPU
		{326AB241-F0CA-4293-AAE8-CE72C589B73B}.Debug|Any CPU.Build.0 = Debug|Any CPU
		{326AB241-F0CA-4293-AAE8-CE72C589B73B}.Release|Any CPU.ActiveCfg = Release|Any CPU
		{326AB241-F0CA-4293-AAE8-CE72C589B73B}.Release|Any CPU.Build.0 = Release|Any CPU
		{C7969B45-8B05-4726-9B59-17214E06FA34}.Debug|Any CPU.ActiveCfg = Debug|Any CPU
		{C7969B45-8B05-4726-9B59-17214E06FA34}.Debug|Any CPU.Build.0 = Debug|Any CPU
		{C7969B45-8B05-4726-9B59-17214E06FA34}.Release|Any CPU.ActiveCfg = Release|Any CPU
		{C7969B45-8B05-4726-9B59-17214E06FA34}.Release|Any CPU.Build.0 = Release|Any CPU
		{ACA532AD-E41A-4C0D-BDBB-F0BC088EC4DD}.Debug|Any CPU.ActiveCfg = Debug|Any CPU
		{ACA532AD-E41A-4C0D-BDBB-F0BC088EC4DD}.Debug|Any CPU.Build.0 = Debug|Any CPU
		{ACA532AD-E41A-4C0D-BDBB-F0BC088EC4DD}.Release|Any CPU.ActiveCfg = Release|Any CPU
		{ACA532AD-E41A-4C0D-BDBB-F0BC088EC4DD}.Release|Any CPU.Build.0 = Release|Any CPU
	EndGlobalSection
	GlobalSection(SolutionProperties) = preSolution
		HideSolutionNode = FALSE
	EndGlobalSection
	GlobalSection(ExtensibilityGlobals) = postSolution
		SolutionGuid = {4BAC9289-731A-416D-97DC-A296FC166B08}
	EndGlobalSection
EndGlobal
